
Microsoft Visual Studio Solution File, Format Version 12.00
# Visual Studio Version 17
VisualStudioVersion = 17.5.33516.290
MinimumVisualStudioVersion = 10.0.40219.1
Project("{9A19103F-16F7-4668-BE54-9A1E7A4F7556}") = "Stack", "Stack\Stack.csproj", "{039E7974-E9BB-4C86-A8C0-B96F961D0822}"
EndProject
Project("{9A19103F-16F7-4668-BE54-9A1E7A4F7556}") = "Queue", "Queue\Queue.csproj", "{B76319B9-3C99-40F5-BC07-8CEA9C6C9AB7}"
EndProject
Project("{9A19103F-16F7-4668-BE54-9A1E7A4F7556}") = "Heap", "Heap\Heap.csproj", "{A8C847F8-65DD-4150-86D0-D2FFC10A8325}"
EndProject
Project("{FAE04EC0-301F-11D3-BF4B-00C04F79EFBC}") = "BinarySearchTree", "BinarySearchTree\BinarySearchTree.csproj", "{594D66CF-F46E-485D-9C4E-2809E153C4E3}"
EndProject
Global
	GlobalSection(SolutionConfigurationPlatforms) = preSolution
		Debug|Any CPU = Debug|Any CPU
		Release|Any CPU = Release|Any CPU
	EndGlobalSection
	GlobalSection(ProjectConfigurationPlatforms) = postSolution
		{039E7974-E9BB-4C86-A8C0-B96F961D0822}.Debug|Any CPU.ActiveCfg = Debug|Any CPU
		{039E7974-E9BB-4C86-A8C0-B96F961D0822}.Debug|Any CPU.Build.0 = Debug|Any CPU
		{039E7974-E9BB-4C86-A8C0-B96F961D0822}.Release|Any CPU.ActiveCfg = Release|Any CPU
		{039E7974-E9BB-4C86-A8C0-B96F961D0822}.Release|Any CPU.Build.0 = Release|Any CPU
		{B76319B9-3C99-40F5-BC07-8CEA9C6C9AB7}.Debug|Any CPU.ActiveCfg = Debug|Any CPU
		{B76319B9-3C99-40F5-BC07-8CEA9C6C9AB7}.Debug|Any CPU.Build.0 = Debug|Any CPU
		{B76319B9-3C99-40F5-BC07-8CEA9C6C9AB7}.Release|Any CPU.ActiveCfg = Release|Any CPU
		{B76319B9-3C99-40F5-BC07-8CEA9C6C9AB7}.Release|Any CPU.Build.0 = Release|Any CPU
		{A8C847F8-65DD-4150-86D0-D2FFC10A8325}.Debug|Any CPU.ActiveCfg = Debug|Any CPU
		{A8C847F8-65DD-4150-86D0-D2FFC10A8325}.Debug|Any CPU.Build.0 = Debug|Any CPU
		{A8C847F8-65DD-4150-86D0-D2FFC10A8325}.Release|Any CPU.ActiveCfg = Release|Any CPU
		{A8C847F8-65DD-4150-86D0-D2FFC10A8325}.Release|Any CPU.Build.0 = Release|Any CPU
		{594D66CF-F46E-485D-9C4E-2809E153C4E3}.Debug|Any CPU.ActiveCfg = Debug|Any CPU
		{594D66CF-F46E-485D-9C4E-2809E153C4E3}.Debug|Any CPU.Build.0 = Debug|Any CPU
		{594D66CF-F46E-485D-9C4E-2809E153C4E3}.Release|Any CPU.ActiveCfg = Release|Any CPU
		{594D66CF-F46E-485D-9C4E-2809E153C4E3}.Release|Any CPU.Build.0 = Release|Any CPU
	EndGlobalSection
	GlobalSection(SolutionProperties) = preSolution
		HideSolutionNode = FALSE
	EndGlobalSection
	GlobalSection(ExtensibilityGlobals) = postSolution
		SolutionGuid = {FB3C6178-D4F5-4D31-AD78-68995ADA9156}
	EndGlobalSection
EndGlobal
